
Microsoft Visual Studio Solution File, Format Version 12.00
# Visual Studio Version 17
VisualStudioVersion = 17.3.32929.385
MinimumVisualStudioVersion = 10.0.40219.1
Project("{FAE04EC0-301F-11D3-BF4B-00C04F79EFBC}") = "BubbleSorting1SansayanP", "BubbleSorting1SansayanP\BubbleSorting1SansayanP.csproj", "{2E65EE9F-31D7-49E5-B19B-729A7A191523}"
EndProject
Global
	GlobalSection(SolutionConfigurationPlatforms) = preSolution
		Debug|Any CPU = Debug|Any CPU
		Release|Any CPU = Release|Any CPU
	EndGlobalSection
	GlobalSection(ProjectConfigurationPlatforms) = postSolution
		{2E65EE9F-31D7-49E5-B19B-729A7A191523}.Debug|Any CPU.ActiveCfg = Debug|Any CPU
		{2E65EE9F-31D7-49E5-B19B-729A7A191523}.Debug|Any CPU.Build.0 = Debug|Any CPU
		{2E65EE9F-31D7-49E5-B19B-729A7A191523}.Release|Any CPU.ActiveCfg = Release|Any CPU
		{2E65EE9F-31D7-49E5-B19B-729A7A191523}.Release|Any CPU.Build.0 = Release|Any CPU
	EndGlobalSection
	GlobalSection(SolutionProperties) = preSolution
		HideSolutionNode = FALSE
	EndGlobalSection
	GlobalSection(ExtensibilityGlobals) = postSolution
		SolutionGuid = {D06BA6D3-9F8E-49BA-A528-2EAEAE447125}
	EndGlobalSection
EndGlobal
